
Microsoft Visual Studio Solution File, Format Version 12.00
# Visual Studio Version 16
VisualStudioVersion = 16.0.30804.86
MinimumVisualStudioVersion = 10.0.40219.1
Project("{9A19103F-16F7-4668-BE54-9A1E7A4F7556}") = "EasyLanguageLearning.Domain.Shared.Kernel", "EasyLanguageLearning.Domain.Shared.Kernel\EasyLanguageLearning.Domain.Shared.Kernel.csproj", "{6590F5FB-05E4-430F-9EC9-ACA561069347}"
EndProject
Project("{2150E333-8FDC-42A3-9474-1A3956D46DE8}") = "Test", "Test", "{0C943FD4-73D6-488B-B8E7-77C527F0D8A5}"
EndProject
Project("{9A19103F-16F7-4668-BE54-9A1E7A4F7556}") = "EasyLanguageLearning.API", "EasyLanguageLearning.API\EasyLanguageLearning.API.csproj", "{8E6D0867-B621-4CBE-BE83-FDE5798FD1E4}"
EndProject
Project("{9A19103F-16F7-4668-BE54-9A1E7A4F7556}") = "EasyLanguageLearning.Application", "EasyLanguageLearning.Application\EasyLanguageLearning.Application.csproj", "{0904757E-3BDC-4289-A5CF-F89DEAF1B473}"
EndProject
Project("{9A19103F-16F7-4668-BE54-9A1E7A4F7556}") = "EasyLanguageLearning.Infrastructure", "EasyLanguageLearning.Infrastructure\EasyLanguageLearning.Infrastructure.csproj", "{6E2785F0-EF11-4ECD-A2CC-D02EDC1D357F}"
EndProject
Project("{2150E333-8FDC-42A3-9474-1A3956D46DE8}") = "Domain", "Domain", "{7CE7C931-B868-49E5-98EB-B3FD32EFD4F8}"
EndProject
Project("{9A19103F-16F7-4668-BE54-9A1E7A4F7556}") = "EasyLanguageLearning.Domain", "EasyLanguageLearning.Domain\EasyLanguageLearning.Domain.csproj", "{EB7214F5-9791-4154-9C25-46A06943C5AA}"
EndProject
Project("{FAE04EC0-301F-11D3-BF4B-00C04F79EFBC}") = "EasyLanguageLearning.Domain.Test", "EasyLanguageLearning.Domain.Test\EasyLanguageLearning.Domain.Test.csproj", "{B13AFF45-5D9F-492D-A9B7-7C817F9E8F8E}"
EndProject
Global
	GlobalSection(SolutionConfigurationPlatforms) = preSolution
		Debug|Any CPU = Debug|Any CPU
		Release|Any CPU = Release|Any CPU
	EndGlobalSection
	GlobalSection(ProjectConfigurationPlatforms) = postSolution
		{6590F5FB-05E4-430F-9EC9-ACA561069347}.Debug|Any CPU.ActiveCfg = Debug|Any CPU
		{6590F5FB-05E4-430F-9EC9-ACA561069347}.Debug|Any CPU.Build.0 = Debug|Any CPU
		{6590F5FB-05E4-430F-9EC9-ACA561069347}.Release|Any CPU.ActiveCfg = Release|Any CPU
		{6590F5FB-05E4-430F-9EC9-ACA561069347}.Release|Any CPU.Build.0 = Release|Any CPU
		{8E6D0867-B621-4CBE-BE83-FDE5798FD1E4}.Debug|Any CPU.ActiveCfg = Debug|Any CPU
		{8E6D0867-B621-4CBE-BE83-FDE5798FD1E4}.Debug|Any CPU.Build.0 = Debug|Any CPU
		{8E6D0867-B621-4CBE-BE83-FDE5798FD1E4}.Release|Any CPU.ActiveCfg = Release|Any CPU
		{8E6D0867-B621-4CBE-BE83-FDE5798FD1E4}.Release|Any CPU.Build.0 = Release|Any CPU
		{0904757E-3BDC-4289-A5CF-F89DEAF1B473}.Debug|Any CPU.ActiveCfg = Debug|Any CPU
		{0904757E-3BDC-4289-A5CF-F89DEAF1B473}.Debug|Any CPU.Build.0 = Debug|Any CPU
		{0904757E-3BDC-4289-A5CF-F89DEAF1B473}.Release|Any CPU.ActiveCfg = Release|Any CPU
		{0904757E-3BDC-4289-A5CF-F89DEAF1B473}.Release|Any CPU.Build.0 = Release|Any CPU
		{6E2785F0-EF11-4ECD-A2CC-D02EDC1D357F}.Debug|Any CPU.ActiveCfg = Debug|Any CPU
		{6E2785F0-EF11-4ECD-A2CC-D02EDC1D357F}.Debug|Any CPU.Build.0 = Debug|Any CPU
		{6E2785F0-EF11-4ECD-A2CC-D02EDC1D357F}.Release|Any CPU.ActiveCfg = Release|Any CPU
		{6E2785F0-EF11-4ECD-A2CC-D02EDC1D357F}.Release|Any CPU.Build.0 = Release|Any CPU
		{EB7214F5-9791-4154-9C25-46A06943C5AA}.Debug|Any CPU.ActiveCfg = Debug|Any CPU
		{EB7214F5-9791-4154-9C25-46A06943C5AA}.Debug|Any CPU.Build.0 = Debug|Any CPU
		{EB7214F5-9791-4154-9C25-46A06943C5AA}.Release|Any CPU.ActiveCfg = Release|Any CPU
		{EB7214F5-9791-4154-9C25-46A06943C5AA}.Release|Any CPU.Build.0 = Release|Any CPU
		{B13AFF45-5D9F-492D-A9B7-7C817F9E8F8E}.Debug|Any CPU.ActiveCfg = Debug|Any CPU
		{B13AFF45-5D9F-492D-A9B7-7C817F9E8F8E}.Debug|Any CPU.Build.0 = Debug|Any CPU
		{B13AFF45-5D9F-492D-A9B7-7C817F9E8F8E}.Release|Any CPU.ActiveCfg = Release|Any CPU
		{B13AFF45-5D9F-492D-A9B7-7C817F9E8F8E}.Release|Any CPU.Build.0 = Release|Any CPU
	EndGlobalSection
	GlobalSection(SolutionProperties) = preSolution
		HideSolutionNode = FALSE
	EndGlobalSection
	GlobalSection(NestedProjects) = preSolution
		{6590F5FB-05E4-430F-9EC9-ACA561069347} = {7CE7C931-B868-49E5-98EB-B3FD32EFD4F8}
		{B13AFF45-5D9F-492D-A9B7-7C817F9E8F8E} = {0C943FD4-73D6-488B-B8E7-77C527F0D8A5}
	EndGlobalSection
	GlobalSection(ExtensibilityGlobals) = postSolution
		SolutionGuid = {9F7E84FD-048F-4976-9788-C18136496068}
	EndGlobalSection
EndGlobal
