
Microsoft Visual Studio Solution File, Format Version 12.00
# Visual Studio Version 16
VisualStudioVersion = 16.0.30804.86
MinimumVisualStudioVersion = 10.0.40219.1
Project("{FAE04EC0-301F-11D3-BF4B-00C04F79EFBC}") = "Courses.Domain", "Courses.Domain\Courses.Domain.csproj", "{3563309B-2CD5-4335-A0EA-1094D52E8041}"
EndProject
Project("{FAE04EC0-301F-11D3-BF4B-00C04F79EFBC}") = "Courses.Tests", "Courses.Tests\Courses.Tests.csproj", "{4D31EE8A-261B-48C0-B423-1E8511C0C8F6}"
EndProject
Global
	GlobalSection(SolutionConfigurationPlatforms) = preSolution
		Debug|Any CPU = Debug|Any CPU
		Release|Any CPU = Release|Any CPU
	EndGlobalSection
	GlobalSection(ProjectConfigurationPlatforms) = postSolution
		{3563309B-2CD5-4335-A0EA-1094D52E8041}.Debug|Any CPU.ActiveCfg = Debug|Any CPU
		{3563309B-2CD5-4335-A0EA-1094D52E8041}.Debug|Any CPU.Build.0 = Debug|Any CPU
		{3563309B-2CD5-4335-A0EA-1094D52E8041}.Release|Any CPU.ActiveCfg = Release|Any CPU
		{3563309B-2CD5-4335-A0EA-1094D52E8041}.Release|Any CPU.Build.0 = Release|Any CPU
		{4D31EE8A-261B-48C0-B423-1E8511C0C8F6}.Debug|Any CPU.ActiveCfg = Debug|Any CPU
		{4D31EE8A-261B-48C0-B423-1E8511C0C8F6}.Debug|Any CPU.Build.0 = Debug|Any CPU
		{4D31EE8A-261B-48C0-B423-1E8511C0C8F6}.Release|Any CPU.ActiveCfg = Release|Any CPU
		{4D31EE8A-261B-48C0-B423-1E8511C0C8F6}.Release|Any CPU.Build.0 = Release|Any CPU
	EndGlobalSection
	GlobalSection(SolutionProperties) = preSolution
		HideSolutionNode = FALSE
	EndGlobalSection
	GlobalSection(ExtensibilityGlobals) = postSolution
		SolutionGuid = {9F7E84FD-048F-4976-9788-C18136496068}
	EndGlobalSection
EndGlobal
